
Microsoft Visual Studio Solution File, Format Version 12.00
# Visual Studio 15
VisualStudioVersion = 15.0.28010.2036
MinimumVisualStudioVersion = 10.0.40219.1
Project("{8BC9CEB8-8B4A-11D0-8D11-00A0C91BC942}") = "CSC211-Homework4Part2-MovieStatistics", "CSC211-Homework4Part2-MovieStatistics\CSC211-Homework4Part2-MovieStatistics.vcxproj", "{CBD1DC27-315A-4D31-96B6-DA75F9DD425B}"
EndProject
Global
	GlobalSection(SolutionConfigurationPlatforms) = preSolution
		Debug|x64 = Debug|x64
		Debug|x86 = Debug|x86
		Release|x64 = Release|x64
		Release|x86 = Release|x86
	EndGlobalSection
	GlobalSection(ProjectConfigurationPlatforms) = postSolution
		{CBD1DC27-315A-4D31-96B6-DA75F9DD425B}.Debug|x64.ActiveCfg = Debug|x64
		{CBD1DC27-315A-4D31-96B6-DA75F9DD425B}.Debug|x64.Build.0 = Debug|x64
		{CBD1DC27-315A-4D31-96B6-DA75F9DD425B}.Debug|x86.ActiveCfg = Debug|Win32
		{CBD1DC27-315A-4D31-96B6-DA75F9DD425B}.Debug|x86.Build.0 = Debug|Win32
		{CBD1DC27-315A-4D31-96B6-DA75F9DD425B}.Release|x64.ActiveCfg = Release|x64
		{CBD1DC27-315A-4D31-96B6-DA75F9DD425B}.Release|x64.Build.0 = Release|x64
		{CBD1DC27-315A-4D31-96B6-DA75F9DD425B}.Release|x86.ActiveCfg = Release|Win32
		{CBD1DC27-315A-4D31-96B6-DA75F9DD425B}.Release|x86.Build.0 = Release|Win32
	EndGlobalSection
	GlobalSection(SolutionProperties) = preSolution
		HideSolutionNode = FALSE
	EndGlobalSection
	GlobalSection(ExtensibilityGlobals) = postSolution
		SolutionGuid = {C458C934-BB0E-43A3-BB43-91C56DA75559}
	EndGlobalSection
EndGlobal
